
Microsoft Visual Studio Solution File, Format Version 12.00
# Visual Studio 15
VisualStudioVersion = 15.0.28307.421
MinimumVisualStudioVersion = 10.0.40219.1
Project("{FAE04EC0-301F-11D3-BF4B-00C04F79EFBC}") = "brix", "brix\brix.csproj", "{D1AE8F97-5796-4EFE-80A0-A0CBA0EEFC34}"
EndProject
Global
	GlobalSection(SolutionConfigurationPlatforms) = preSolution
		Debug|Any CPU = Debug|Any CPU
		Release|Any CPU = Release|Any CPU
	EndGlobalSection
	GlobalSection(ProjectConfigurationPlatforms) = postSolution
		{D1AE8F97-5796-4EFE-80A0-A0CBA0EEFC34}.Debug|Any CPU.ActiveCfg = Debug|Any CPU
		{D1AE8F97-5796-4EFE-80A0-A0CBA0EEFC34}.Debug|Any CPU.Build.0 = Debug|Any CPU
		{D1AE8F97-5796-4EFE-80A0-A0CBA0EEFC34}.Release|Any CPU.ActiveCfg = Release|Any CPU
		{D1AE8F97-5796-4EFE-80A0-A0CBA0EEFC34}.Release|Any CPU.Build.0 = Release|Any CPU
	EndGlobalSection
	GlobalSection(SolutionProperties) = preSolution
		HideSolutionNode = FALSE
	EndGlobalSection
	GlobalSection(ExtensibilityGlobals) = postSolution
		SolutionGuid = {7889FB5D-2BE7-4261-AF9C-FFF10A9E72D1}
	EndGlobalSection
EndGlobal
